
Microsoft Visual Studio Solution File, Format Version 12.00
# Visual Studio Version 16
VisualStudioVersion = 16.0.31005.135
MinimumVisualStudioVersion = 10.0.40219.1
Project("{FAE04EC0-301F-11D3-BF4B-00C04F79EFBC}") = "ArknightsToolkit", "ArknightsToolkit.csproj", "{B7273610-249E-41B3-9018-B5A4F995A8C6}"
EndProject
Project("{9A19103F-16F7-4668-BE54-9A1E7A4F7556}") = "ArknightsResources.Models", "..\ArknightsResources\ArknightsResources.Models\ArknightsResources.Models.csproj", "{54508E78-8841-4616-B65E-AEC12F565940}"
EndProject
Project("{9A19103F-16F7-4668-BE54-9A1E7A4F7556}") = "ArknightsResources.Helpers", "..\ArknightsResources\ArknightsResources.Helpers\ArknightsResources.Helpers.csproj", "{1F5C62B2-CE6C-4211-B3E0-9D43533D531F}"
EndProject
Project("{9A19103F-16F7-4668-BE54-9A1E7A4F7556}") = "ArknightsResources.Operators", "..\ArknightsResources\ArknightsResources.Operators\ArknightsResources.Operators.csproj", "{1D4151E4-73DD-4066-BDC5-79BAE46E7625}"
EndProject
Project("{FAE04EC0-301F-11D3-BF4B-00C04F79EFBC}") = "ArknightsToolkit.OperatorPackage", "..\ArknightsToolkit.OperatorPackage\ArknightsToolkit.OperatorPackage.csproj", "{0B628C35-2CFC-4198-B4DA-CBA999737969}"
EndProject
Global
	GlobalSection(SolutionConfigurationPlatforms) = preSolution
		Debug|Any CPU = Debug|Any CPU
		Debug|ARM = Debug|ARM
		Debug|ARM64 = Debug|ARM64
		Debug|x64 = Debug|x64
		Debug|x86 = Debug|x86
		Release|Any CPU = Release|Any CPU
		Release|ARM = Release|ARM
		Release|ARM64 = Release|ARM64
		Release|x64 = Release|x64
		Release|x86 = Release|x86
	EndGlobalSection
	GlobalSection(ProjectConfigurationPlatforms) = postSolution
		{B7273610-249E-41B3-9018-B5A4F995A8C6}.Debug|Any CPU.ActiveCfg = Debug|x86
		{B7273610-249E-41B3-9018-B5A4F995A8C6}.Debug|ARM.ActiveCfg = Debug|ARM
		{B7273610-249E-41B3-9018-B5A4F995A8C6}.Debug|ARM.Build.0 = Debug|ARM
		{B7273610-249E-41B3-9018-B5A4F995A8C6}.Debug|ARM.Deploy.0 = Debug|ARM
		{B7273610-249E-41B3-9018-B5A4F995A8C6}.Debug|ARM64.ActiveCfg = Debug|ARM64
		{B7273610-249E-41B3-9018-B5A4F995A8C6}.Debug|ARM64.Build.0 = Debug|ARM64
		{B7273610-249E-41B3-9018-B5A4F995A8C6}.Debug|ARM64.Deploy.0 = Debug|ARM64
		{B7273610-249E-41B3-9018-B5A4F995A8C6}.Debug|x64.ActiveCfg = Debug|x64
		{B7273610-249E-41B3-9018-B5A4F995A8C6}.Debug|x64.Build.0 = Debug|x64
		{B7273610-249E-41B3-9018-B5A4F995A8C6}.Debug|x64.Deploy.0 = Debug|x64
		{B7273610-249E-41B3-9018-B5A4F995A8C6}.Debug|x86.ActiveCfg = Debug|x86
		{B7273610-249E-41B3-9018-B5A4F995A8C6}.Debug|x86.Build.0 = Debug|x86
		{B7273610-249E-41B3-9018-B5A4F995A8C6}.Debug|x86.Deploy.0 = Debug|x86
		{B7273610-249E-41B3-9018-B5A4F995A8C6}.Release|Any CPU.ActiveCfg = Release|x86
		{B7273610-249E-41B3-9018-B5A4F995A8C6}.Release|ARM.ActiveCfg = Release|ARM
		{B7273610-249E-41B3-9018-B5A4F995A8C6}.Release|ARM.Build.0 = Release|ARM
		{B7273610-249E-41B3-9018-B5A4F995A8C6}.Release|ARM.Deploy.0 = Release|ARM
		{B7273610-249E-41B3-9018-B5A4F995A8C6}.Release|ARM64.ActiveCfg = Release|ARM64
		{B7273610-249E-41B3-9018-B5A4F995A8C6}.Release|ARM64.Build.0 = Release|ARM64
		{B7273610-249E-41B3-9018-B5A4F995A8C6}.Release|ARM64.Deploy.0 = Release|ARM64
		{B7273610-249E-41B3-9018-B5A4F995A8C6}.Release|x64.ActiveCfg = Release|x64
		{B7273610-249E-41B3-9018-B5A4F995A8C6}.Release|x64.Build.0 = Release|x64
		{B7273610-249E-41B3-9018-B5A4F995A8C6}.Release|x64.Deploy.0 = Release|x64
		{B7273610-249E-41B3-9018-B5A4F995A8C6}.Release|x86.ActiveCfg = Release|x86
		{B7273610-249E-41B3-9018-B5A4F995A8C6}.Release|x86.Build.0 = Release|x86
		{B7273610-249E-41B3-9018-B5A4F995A8C6}.Release|x86.Deploy.0 = Release|x86
		{54508E78-8841-4616-B65E-AEC12F565940}.Debug|Any CPU.ActiveCfg = Debug|Any CPU
		{54508E78-8841-4616-B65E-AEC12F565940}.Debug|Any CPU.Build.0 = Debug|Any CPU
		{54508E78-8841-4616-B65E-AEC12F565940}.Debug|ARM.ActiveCfg = Debug|Any CPU
		{54508E78-8841-4616-B65E-AEC12F565940}.Debug|ARM.Build.0 = Debug|Any CPU
		{54508E78-8841-4616-B65E-AEC12F565940}.Debug|ARM64.ActiveCfg = Debug|Any CPU
		{54508E78-8841-4616-B65E-AEC12F565940}.Debug|ARM64.Build.0 = Debug|Any CPU
		{54508E78-8841-4616-B65E-AEC12F565940}.Debug|x64.ActiveCfg = Debug|Any CPU
		{54508E78-8841-4616-B65E-AEC12F565940}.Debug|x64.Build.0 = Debug|Any CPU
		{54508E78-8841-4616-B65E-AEC12F565940}.Debug|x86.ActiveCfg = Debug|Any CPU
		{54508E78-8841-4616-B65E-AEC12F565940}.Debug|x86.Build.0 = Debug|Any CPU
		{54508E78-8841-4616-B65E-AEC12F565940}.Release|Any CPU.ActiveCfg = Release|Any CPU
		{54508E78-8841-4616-B65E-AEC12F565940}.Release|Any CPU.Build.0 = Release|Any CPU
		{54508E78-8841-4616-B65E-AEC12F565940}.Release|ARM.ActiveCfg = Release|Any CPU
		{54508E78-8841-4616-B65E-AEC12F565940}.Release|ARM.Build.0 = Release|Any CPU
		{54508E78-8841-4616-B65E-AEC12F565940}.Release|ARM64.ActiveCfg = Release|Any CPU
		{54508E78-8841-4616-B65E-AEC12F565940}.Release|ARM64.Build.0 = Release|Any CPU
		{54508E78-8841-4616-B65E-AEC12F565940}.Release|x64.ActiveCfg = Release|Any CPU
		{54508E78-8841-4616-B65E-AEC12F565940}.Release|x64.Build.0 = Release|Any CPU
		{54508E78-8841-4616-B65E-AEC12F565940}.Release|x86.ActiveCfg = Release|Any CPU
		{54508E78-8841-4616-B65E-AEC12F565940}.Release|x86.Build.0 = Release|Any CPU
		{1F5C62B2-CE6C-4211-B3E0-9D43533D531F}.Debug|Any CPU.ActiveCfg = Debug|Any CPU
		{1F5C62B2-CE6C-4211-B3E0-9D43533D531F}.Debug|Any CPU.Build.0 = Debug|Any CPU
		{1F5C62B2-CE6C-4211-B3E0-9D43533D531F}.Debug|ARM.ActiveCfg = Debug|Any CPU
		{1F5C62B2-CE6C-4211-B3E0-9D43533D531F}.Debug|ARM.Build.0 = Debug|Any CPU
		{1F5C62B2-CE6C-4211-B3E0-9D43533D531F}.Debug|ARM64.ActiveCfg = Debug|Any CPU
		{1F5C62B2-CE6C-4211-B3E0-9D43533D531F}.Debug|ARM64.Build.0 = Debug|Any CPU
		{1F5C62B2-CE6C-4211-B3E0-9D43533D531F}.Debug|x64.ActiveCfg = Debug|Any CPU
		{1F5C62B2-CE6C-4211-B3E0-9D43533D531F}.Debug|x64.Build.0 = Debug|Any CPU
		{1F5C62B2-CE6C-4211-B3E0-9D43533D531F}.Debug|x86.ActiveCfg = Debug|Any CPU
		{1F5C62B2-CE6C-4211-B3E0-9D43533D531F}.Debug|x86.Build.0 = Debug|Any CPU
		{1F5C62B2-CE6C-4211-B3E0-9D43533D531F}.Release|Any CPU.ActiveCfg = Release|Any CPU
		{1F5C62B2-CE6C-4211-B3E0-9D43533D531F}.Release|Any CPU.Build.0 = Release|Any CPU
		{1F5C62B2-CE6C-4211-B3E0-9D43533D531F}.Release|ARM.ActiveCfg = Release|Any CPU
		{1F5C62B2-CE6C-4211-B3E0-9D43533D531F}.Release|ARM.Build.0 = Release|Any CPU
		{1F5C62B2-CE6C-4211-B3E0-9D43533D531F}.Release|ARM64.ActiveCfg = Release|Any CPU
		{1F5C62B2-CE6C-4211-B3E0-9D43533D531F}.Release|ARM64.Build.0 = Release|Any CPU
		{1F5C62B2-CE6C-4211-B3E0-9D43533D531F}.Release|x64.ActiveCfg = Release|Any CPU
		{1F5C62B2-CE6C-4211-B3E0-9D43533D531F}.Release|x64.Build.0 = Release|Any CPU
		{1F5C62B2-CE6C-4211-B3E0-9D43533D531F}.Release|x86.ActiveCfg = Release|Any CPU
		{1F5C62B2-CE6C-4211-B3E0-9D43533D531F}.Release|x86.Build.0 = Release|Any CPU
		{1D4151E4-73DD-4066-BDC5-79BAE46E7625}.Debug|Any CPU.ActiveCfg = Debug|Any CPU
		{1D4151E4-73DD-4066-BDC5-79BAE46E7625}.Debug|Any CPU.Build.0 = Debug|Any CPU
		{1D4151E4-73DD-4066-BDC5-79BAE46E7625}.Debug|ARM.ActiveCfg = Debug|Any CPU
		{1D4151E4-73DD-4066-BDC5-79BAE46E7625}.Debug|ARM.Build.0 = Debug|Any CPU
		{1D4151E4-73DD-4066-BDC5-79BAE46E7625}.Debug|ARM64.ActiveCfg = Debug|Any CPU
		{1D4151E4-73DD-4066-BDC5-79BAE46E7625}.Debug|ARM64.Build.0 = Debug|Any CPU
		{1D4151E4-73DD-4066-BDC5-79BAE46E7625}.Debug|x64.ActiveCfg = Debug|Any CPU
		{1D4151E4-73DD-4066-BDC5-79BAE46E7625}.Debug|x64.Build.0 = Debug|Any CPU
		{1D4151E4-73DD-4066-BDC5-79BAE46E7625}.Debug|x86.ActiveCfg = Debug|Any CPU
		{1D4151E4-73DD-4066-BDC5-79BAE46E7625}.Debug|x86.Build.0 = Debug|Any CPU
		{1D4151E4-73DD-4066-BDC5-79BAE46E7625}.Release|Any CPU.ActiveCfg = Release|Any CPU
		{1D4151E4-73DD-4066-BDC5-79BAE46E7625}.Release|Any CPU.Build.0 = Release|Any CPU
		{1D4151E4-73DD-4066-BDC5-79BAE46E7625}.Release|ARM.ActiveCfg = Release|Any CPU
		{1D4151E4-73DD-4066-BDC5-79BAE46E7625}.Release|ARM.Build.0 = Release|Any CPU
		{1D4151E4-73DD-4066-BDC5-79BAE46E7625}.Release|ARM64.ActiveCfg = Release|Any CPU
		{1D4151E4-73DD-4066-BDC5-79BAE46E7625}.Release|ARM64.Build.0 = Release|Any CPU
		{1D4151E4-73DD-4066-BDC5-79BAE46E7625}.Release|x64.ActiveCfg = Release|Any CPU
		{1D4151E4-73DD-4066-BDC5-79BAE46E7625}.Release|x64.Build.0 = Release|Any CPU
		{1D4151E4-73DD-4066-BDC5-79BAE46E7625}.Release|x86.ActiveCfg = Release|Any CPU
		{1D4151E4-73DD-4066-BDC5-79BAE46E7625}.Release|x86.Build.0 = Release|Any CPU
		{0B628C35-2CFC-4198-B4DA-CBA999737969}.Debug|Any CPU.ActiveCfg = Debug|x86
		{0B628C35-2CFC-4198-B4DA-CBA999737969}.Debug|ARM.ActiveCfg = Debug|ARM
		{0B628C35-2CFC-4198-B4DA-CBA999737969}.Debug|ARM.Build.0 = Debug|ARM
		{0B628C35-2CFC-4198-B4DA-CBA999737969}.Debug|ARM.Deploy.0 = Debug|ARM
		{0B628C35-2CFC-4198-B4DA-CBA999737969}.Debug|ARM64.ActiveCfg = Debug|ARM64
		{0B628C35-2CFC-4198-B4DA-CBA999737969}.Debug|ARM64.Build.0 = Debug|ARM64
		{0B628C35-2CFC-4198-B4DA-CBA999737969}.Debug|ARM64.Deploy.0 = Debug|ARM64
		{0B628C35-2CFC-4198-B4DA-CBA999737969}.Debug|x64.ActiveCfg = Debug|x64
		{0B628C35-2CFC-4198-B4DA-CBA999737969}.Debug|x64.Build.0 = Debug|x64
		{0B628C35-2CFC-4198-B4DA-CBA999737969}.Debug|x64.Deploy.0 = Debug|x64
		{0B628C35-2CFC-4198-B4DA-CBA999737969}.Debug|x86.ActiveCfg = Debug|x86
		{0B628C35-2CFC-4198-B4DA-CBA999737969}.Debug|x86.Build.0 = Debug|x86
		{0B628C35-2CFC-4198-B4DA-CBA999737969}.Debug|x86.Deploy.0 = Debug|x86
		{0B628C35-2CFC-4198-B4DA-CBA999737969}.Release|Any CPU.ActiveCfg = Release|x86
		{0B628C35-2CFC-4198-B4DA-CBA999737969}.Release|ARM.ActiveCfg = Release|ARM
		{0B628C35-2CFC-4198-B4DA-CBA999737969}.Release|ARM.Build.0 = Release|ARM
		{0B628C35-2CFC-4198-B4DA-CBA999737969}.Release|ARM.Deploy.0 = Release|ARM
		{0B628C35-2CFC-4198-B4DA-CBA999737969}.Release|ARM64.ActiveCfg = Release|ARM64
		{0B628C35-2CFC-4198-B4DA-CBA999737969}.Release|ARM64.Build.0 = Release|ARM64
		{0B628C35-2CFC-4198-B4DA-CBA999737969}.Release|ARM64.Deploy.0 = Release|ARM64
		{0B628C35-2CFC-4198-B4DA-CBA999737969}.Release|x64.ActiveCfg = Release|x64
		{0B628C35-2CFC-4198-B4DA-CBA999737969}.Release|x64.Build.0 = Release|x64
		{0B628C35-2CFC-4198-B4DA-CBA999737969}.Release|x64.Deploy.0 = Release|x64
		{0B628C35-2CFC-4198-B4DA-CBA999737969}.Release|x86.ActiveCfg = Release|x86
		{0B628C35-2CFC-4198-B4DA-CBA999737969}.Release|x86.Build.0 = Release|x86
		{0B628C35-2CFC-4198-B4DA-CBA999737969}.Release|x86.Deploy.0 = Release|x86
	EndGlobalSection
	GlobalSection(SolutionProperties) = preSolution
		HideSolutionNode = FALSE
	EndGlobalSection
	GlobalSection(ExtensibilityGlobals) = postSolution
		SolutionGuid = {F7BA26A4-976C-4D25-8A4A-0CBE86D599D2}
	EndGlobalSection
EndGlobal
